
Microsoft Visual Studio Solution File, Format Version 12.00
# Visual Studio 15
VisualStudioVersion = 15.0.28307.1684
MinimumVisualStudioVersion = 10.0.40219.1
Project("{8BC9CEB8-8B4A-11D0-8D11-00A0C91BC942}") = "TP3_cloches", "TP3_cloches\TP3_cloches.vcxproj", "{8CC5E6B3-6644-4EEA-8CA4-7A749F504AA0}"
EndProject
Global
	GlobalSection(SolutionConfigurationPlatforms) = preSolution
		Debug|x64 = Debug|x64
		Release|x64 = Release|x64
	EndGlobalSection
	GlobalSection(ProjectConfigurationPlatforms) = postSolution
		{8CC5E6B3-6644-4EEA-8CA4-7A749F504AA0}.Debug|x64.ActiveCfg = Debug|x64
		{8CC5E6B3-6644-4EEA-8CA4-7A749F504AA0}.Debug|x64.Build.0 = Debug|x64
		{8CC5E6B3-6644-4EEA-8CA4-7A749F504AA0}.Release|x64.ActiveCfg = Release|x64
		{8CC5E6B3-6644-4EEA-8CA4-7A749F504AA0}.Release|x64.Build.0 = Release|x64
	EndGlobalSection
	GlobalSection(SolutionProperties) = preSolution
		HideSolutionNode = FALSE
	EndGlobalSection
	GlobalSection(ExtensibilityGlobals) = postSolution
		SolutionGuid = {939A295E-B9D8-4D7E-A191-2ABB8F9BC07E}
	EndGlobalSection
EndGlobal
